
Microsoft Visual Studio Solution File, Format Version 12.00
# Visual Studio Version 16
VisualStudioVersion = 25.0.1704.0
MinimumVisualStudioVersion = 10.0.40219.1
Project("{FAE04EC0-301F-11D3-BF4B-00C04F79EFBC}") = "WebAppAula1", "WebAppAula1\WebAppAula1.csproj", "{ACA47039-D9F4-4348-955D-6E4BE9611787}"
EndProject
Global
	GlobalSection(SolutionConfigurationPlatforms) = preSolution
		Debug|Any CPU = Debug|Any CPU
		Release|Any CPU = Release|Any CPU
	EndGlobalSection
	GlobalSection(ProjectConfigurationPlatforms) = postSolution
		{ACA47039-D9F4-4348-955D-6E4BE9611787}.Debug|Any CPU.ActiveCfg = Debug|Any CPU
		{ACA47039-D9F4-4348-955D-6E4BE9611787}.Debug|Any CPU.Build.0 = Debug|Any CPU
		{ACA47039-D9F4-4348-955D-6E4BE9611787}.Release|Any CPU.ActiveCfg = Release|Any CPU
		{ACA47039-D9F4-4348-955D-6E4BE9611787}.Release|Any CPU.Build.0 = Release|Any CPU
	EndGlobalSection
	GlobalSection(SolutionProperties) = preSolution
		HideSolutionNode = FALSE
	EndGlobalSection
	GlobalSection(ExtensibilityGlobals) = postSolution
		SolutionGuid = {2B40E120-F224-4260-BC93-7EF30346D657}
	EndGlobalSection
EndGlobal
